# THIS IS AN AUTOGENERATED FILE. DO NOT EDIT THIS FILE DIRECTLY.
# yarn lockfile v1


array-sort@^1.0.0:
  version "1.0.0"
  resolved "https://registry.yarnpkg.com/array-sort/-/array-sort-1.0.0.tgz#e4c05356453f56f53512a7d1d6123f2c54c0a88a"
  integrity sha512-ihLeJkonmdiAsD7vpgN3CRcx2J2S0TiYW+IS/5zHBI7mKUq3ySvBdzzBfD236ubDBQFiiyG3SWCPc+msQ9KoYg==
  dependencies:
    default-compare "^1.0.0"
    get-value "^2.0.6"
    kind-of "^5.0.2"

default-compare@^1.0.0:
  version "1.0.0"
  resolved "https://registry.yarnpkg.com/default-compare/-/default-compare-1.0.0.tgz#cb61131844ad84d84788fb68fd01681ca7781a2f"
  integrity sha512-QWfXlM0EkAbqOCbD/6HjdwT19j7WCkMyiRhWilc4H9/5h/RzTF9gv5LYh1+CmDV5d1rki6KAWLtQale0xt20eQ==
  dependencies:
    kind-of "^5.0.2"

dotenv@^9.0.1:
  version "9.0.2"
  resolved "https://registry.yarnpkg.com/dotenv/-/dotenv-9.0.2.tgz#dacc20160935a37dea6364aa1bef819fb9b6ab05"
  integrity sha512-I9OvvrHp4pIARv4+x9iuewrWycX6CcZtoAu1XrzPxc5UygMJXJZYmBsynku8IkrJwgypE5DGNjDPmPRhDCptUg==

encoding@^0.1.11:
  version "0.1.13"
  resolved "https://registry.yarnpkg.com/encoding/-/encoding-0.1.13.tgz#56574afdd791f54a8e9b2785c0582a2d26210fa9"
  integrity sha512-ETBauow1T35Y/WZMkio9jiM0Z5xjHHmJ4XmjZOq1l/dXz3lr2sRn87nJy20RupqSh1F2m3HHPSp8ShIPQJrJ3A==
  dependencies:
    iconv-lite "^0.6.2"

form-urlencoded@^2.0.4:
  version "2.0.9"
  resolved "https://registry.yarnpkg.com/form-urlencoded/-/form-urlencoded-2.0.9.tgz#ea07c5dbd9aa739275d53ec5c671ea069fe7d597"
  integrity sha512-fWUzNiOnYa126vFAT6TFXd1mhJrvD8IqmQ9ilZPjkLYQfaRreBr5fIUoOpPlWtqaAG64nzoE7u5zSetifab9IA==

get-value@^2.0.6:
  version "2.0.6"
  resolved "https://registry.yarnpkg.com/get-value/-/get-value-2.0.6.tgz#dc15ca1c672387ca76bd37ac0a395ba2042a2c28"
  integrity sha1-3BXKHGcjh8p2vTesCjlbogQqLCg=

iconv-lite@^0.6.2:
  version "0.6.3"
  resolved "https://registry.yarnpkg.com/iconv-lite/-/iconv-lite-0.6.3.tgz#a52f80bf38da1952eb5c681790719871a1a72501"
  integrity sha512-4fCk79wshMdzMp2rH06qWrJE4iolqLhCUH+OiuIgU++RB0+94NlDL81atO7GX55uUKueo0txHNtvEyI6D7WdMw==
  dependencies:
    safer-buffer ">= 2.1.2 < 3.0.0"

is-plain-object@^2.0.4:
  version "2.0.4"
  resolved "https://registry.yarnpkg.com/is-plain-object/-/is-plain-object-2.0.4.tgz#2c163b3fafb1b606d9d17928f05c2a1c38e07677"
  integrity sha512-h5PpgXkWitc38BBMYawTYMWJHFZJVnBquFE57xFpjB8pJFiF6gZ+bU+WyI/yqXiFR5mdLsgYNaPe8uao6Uv9Og==
  dependencies:
    isobject "^3.0.1"

is-stream@^1.0.1:
  version "1.1.0"
  resolved "https://registry.yarnpkg.com/is-stream/-/is-stream-1.1.0.tgz#12d4a3dd4e68e0b79ceb8dbc84173ae80d91ca44"
  integrity sha1-EtSj3U5o4Lec6428hBc66A2RykQ=

isobject@^3.0.1:
  version "3.0.1"
  resolved "https://registry.yarnpkg.com/isobject/-/isobject-3.0.1.tgz#4e431e92b11a9731636aa1f9c8d1ccbcfdab78df"
  integrity sha1-TkMekrEalzFjaqH5yNHMvP2reN8=

isomorphic-fetch@^2.2.1:
  version "2.2.1"
  resolved "https://registry.yarnpkg.com/isomorphic-fetch/-/isomorphic-fetch-2.2.1.tgz#611ae1acf14f5e81f729507472819fe9733558a9"
  integrity sha1-YRrhrPFPXoH3KVB0coGf6XM1WKk=
  dependencies:
    node-fetch "^1.0.1"
    whatwg-fetch ">=0.10.0"

jsonapi-datastore@^0.4.0-beta:
  version "0.4.0-beta"
  resolved "https://registry.yarnpkg.com/jsonapi-datastore/-/jsonapi-datastore-0.4.0-beta.tgz#b499fce924d45e2bc3c6178681520063e2361f10"
  integrity sha1-tJn86STUXivDxheGgVIAY+I2HxA=

kind-of@^5.0.2:
  version "5.1.0"
  resolved "https://registry.yarnpkg.com/kind-of/-/kind-of-5.1.0.tgz#729c91e2d857b7a419a1f9aa65685c4c33f5845d"
  integrity sha512-NGEErnH6F2vUuXDh+OlbcKW7/wOcfdRHaZ7VWtqCztfHri/++YKmP51OdWeGPuqCOba6kk2OTe5d02VmTB80Pw==

node-fetch@^1.0.1:
  version "1.7.3"
  resolved "https://registry.yarnpkg.com/node-fetch/-/node-fetch-1.7.3.tgz#980f6f72d85211a5347c6b2bc18c5b84c3eb47ef"
  integrity sha512-NhZ4CsKx7cYm2vSrBAr2PvFOe6sWDf0UYLRqA6svUYg7+/TSfVAu49jYC4BvQ4Sms9SZgdqGBgroqfDhJdTyKQ==
  dependencies:
    encoding "^0.1.11"
    is-stream "^1.0.1"

node-fetch@^2.6.1:
  version "2.6.1"
  resolved "https://registry.yarnpkg.com/node-fetch/-/node-fetch-2.6.1.tgz#045bd323631f76ed2e2b55573394416b639a0052"
  integrity sha512-V4aYg89jEoVRxRb2fJdAg8FHvI7cEyYdVAh94HH0UIK8oJxUfkjlDQN9RbMx+bEjP7+ggMiFRprSti032Oipxw==

patreon@^0.4.1:
  version "0.4.1"
  resolved "https://registry.yarnpkg.com/patreon/-/patreon-0.4.1.tgz#fc9f7f8194b6070799bdd203907db45ac4968664"
  integrity sha512-aLhjx4rg2BArTq0Kg61MrM4dkJnTQ9kPN8F6a2IlQoYVEtIH7kUK/dprClTx+QYQKlXMfKksN9NCux1YarQJsQ==
  dependencies:
    form-urlencoded "^2.0.4"
    is-plain-object "^2.0.4"
    isomorphic-fetch "^2.2.1"
    jsonapi-datastore "^0.4.0-beta"

"safer-buffer@>= 2.1.2 < 3.0.0":
  version "2.1.2"
  resolved "https://registry.yarnpkg.com/safer-buffer/-/safer-buffer-2.1.2.tgz#44fa161b0187b9549dd84bb91802f9bd8385cd6a"
  integrity sha512-YZo3K82SD7Riyi0E1EQPojLz7kpepnSQI9IyPbHHg1XXXevb5dJI7tpyN2ADxGcQbHG7vcyRHk0cbwqcQriUtg==

whatwg-fetch@>=0.10.0:
  version "3.6.2"
  resolved "https://registry.yarnpkg.com/whatwg-fetch/-/whatwg-fetch-3.6.2.tgz#dced24f37f2624ed0281725d51d0e2e3fe677f8c"
  integrity sha512-bJlen0FcuU/0EMLrdbJ7zOnW6ITZLrZMIarMUVmdKtsGvZna8vxKYaexICWPfZ8qwf9fzNq+UEIZrnSaApt6RA==

yaml@^1.10.2:
  version "1.10.2"
  resolved "https://registry.yarnpkg.com/yaml/-/yaml-1.10.2.tgz#2301c5ffbf12b467de8da2333a459e29e7920e4b"
  integrity sha512-r3vXyErRCYJ7wg28yvBY5VSoAF8ZvlcW9/BwUzEtUsjvX/DKs24dIkuwjtuprwJJHsbyUbLApepYTR1BN4uHrg==
